// !$*UTF8*$!
{
	archiveVersion = 1;
	classes = {
	};
	objectVersion = 50;
	objects = {

/* Begin PBXBuildFile section */
		3F2F9E18271FF8DF00A79E73 /* AppDelegate.m in Sources */ = {isa = PBXBuildFile; fileRef = 3F2F9E17271FF8DF00A79E73 /* AppDelegate.m */; };
		3F2F9E1B271FF8DF00A79E73 /* SceneDelegate.m in Sources */ = {isa = PBXBuildFile; fileRef = 3F2F9E1A271FF8DF00A79E73 /* SceneDelegate.m */; };
		3F2F9E1E271FF8DF00A79E73 /* ViewController.m in Sources */ = {isa = PBXBuildFile; fileRef = 3F2F9E1D271FF8DF00A79E73 /* ViewController.m */; };
		3F2F9E21271FF8DF00A79E73 /* Main.storyboard in Resources */ = {isa = PBXBuildFile; fileRef = 3F2F9E1F271FF8DF00A79E73 /* Main.storyboard */; };
		3F2F9E23271FF8E000A79E73 /* Assets.xcassets in Resources */ = {isa = PBXBuildFile; fileRef = 3F2F9E22271FF8E000A79E73 /* Assets.xcassets */; };
		3F2F9E26271FF8E000A79E73 /* LaunchScreen.storyboard in Resources */ = {isa = PBXBuildFile; fileRef = 3F2F9E24271FF8E000A79E73 /* LaunchScreen.storyboard */; };
		3F2F9E29271FF8E000A79E73 /* main.m in Sources */ = {isa = PBXBuildFile; fileRef = 3F2F9E28271FF8E000A79E73 /* main.m */; };
		3F2F9E33271FFFBF00A79E73 /* Localizable.strings in Resources */ = {isa = PBXBuildFile; fileRef = 3F2F9E35271FFFBF00A79E73 /* Localizable.strings */; };
/* End PBXBuildFile section */

/* Begin PBXFileReference section */
		3F2F9E13271FF8DF00A79E73 /* Zadanie3.app */ = {isa = PBXFileReference; explicitFileType = wrapper.application; includeInIndex = 0; path = Zadanie3.app; sourceTree = BUILT_PRODUCTS_DIR; };
		3F2F9E16271FF8DF00A79E73 /* AppDelegate.h */ = {isa = PBXFileReference; lastKnownFileType = sourcecode.c.h; path = AppDelegate.h; sourceTree = "<group>"; };
		3F2F9E17271FF8DF00A79E73 /* AppDelegate.m */ = {isa = PBXFileReference; lastKnownFileType = sourcecode.c.objc; path = AppDelegate.m; sourceTree = "<group>"; };
		3F2F9E19271FF8DF00A79E73 /* SceneDelegate.h */ = {isa = PBXFileReference; lastKnownFileType = sourcecode.c.h; path = SceneDelegate.h; sourceTree = "<group>"; };
		3F2F9E1A271FF8DF00A79E73 /* SceneDelegate.m */ = {isa = PBXFileReference; lastKnownFileType = sourcecode.c.objc; path = SceneDelegate.m; sourceTree = "<group>"; };
		3F2F9E1C271FF8DF00A79E73 /* ViewController.h */ = {isa = PBXFileReference; lastKnownFileType = sourcecode.c.h; path = ViewController.h; sourceTree = "<group>"; };
		3F2F9E1D271FF8DF00A79E73 /* ViewController.m */ = {isa = PBXFileReference; lastKnownFileType = sourcecode.c.objc; path = ViewController.m; sourceTree = "<group>"; };
		3F2F9E20271FF8DF00A79E73 /* Base */ = {isa = PBXFileReference; lastKnownFileType = file.storyboard; name = Base; path = Base.lproj/Main.storyboard; sourceTree = "<group>"; };
		3F2F9E22271FF8E000A79E73 /* Assets.xcassets */ = {isa = PBXFileReference; lastKnownFileType = folder.assetcatalog; path = Assets.xcassets; sourceTree = "<group>"; };
		3F2F9E25271FF8E000A79E73 /* Base */ = {isa = PBXFileReference; lastKnownFileType = file.storyboard; name = Base; path = Base.lproj/LaunchScreen.storyboard; sourceTree = "<group>"; };
		3F2F9E27271FF8E000A79E73 /* Info.plist */ = {isa = PBXFileReference; lastKnownFileType = text.plist.xml; path = Info.plist; sourceTree = "<group>"; };
		3F2F9E28271FF8E000A79E73 /* main.m */ = {isa = PBXFileReference; lastKnownFileType = sourcecode.c.objc; path = main.m; sourceTree = "<group>"; };
		3F2F9E31271FFF6900A79E73 /* pl */ = {isa = PBXFileReference; lastKnownFileType = text.plist.strings; name = pl; path = pl.lproj/Main.strings; sourceTree = "<group>"; };
		3F2F9E32271FFF6900A79E73 /* pl */ = {isa = PBXFileReference; lastKnownFileType = text.plist.strings; name = pl; path = pl.lproj/LaunchScreen.strings; sourceTree = "<group>"; };
		3F2F9E34271FFFBF00A79E73 /* pl */ = {isa = PBXFileReference; lastKnownFileType = text.plist.strings; name = pl; path = pl.lproj/Localizable.strings; sourceTree = "<group>"; };
		3F2F9E36271FFFCA00A79E73 /* en */ = {isa = PBXFileReference; lastKnownFileType = text.plist.strings; name = en; path = en.lproj/Localizable.strings; sourceTree = "<group>"; };
/* End PBXFileReference section */

/* Begin PBXFrameworksBuildPhase section */
		3F2F9E10271FF8DF00A79E73 /* Frameworks */ = {
			isa = PBXFrameworksBuildPhase;
			buildActionMask = 2147483647;
			files = (
			);
			runOnlyForDeploymentPostprocessing = 0;
		};
/* End PBXFrameworksBuildPhase section */

/* Begin PBXGroup section */
		3F2F9E0A271FF8DF00A79E73 = {
			isa = PBXGroup;
			children = (
				3F2F9E15271FF8DF00A79E73 /* iOS_zadanie3 */,
				3F2F9E14271FF8DF00A79E73 /* Products */,
			);
			sourceTree = "<group>";
		};
		3F2F9E14271FF8DF00A79E73 /* Products */ = {
			isa = PBXGroup;
			children = (
				3F2F9E13271FF8DF00A79E73 /* Zadanie3.app */,
			);
			name = Products;
			sourceTree = "<group>";
		};
		3F2F9E15271FF8DF00A79E73 /* iOS_zadanie3 */ = {
			isa = PBXGroup;
			children = (
				3F2F9E16271FF8DF00A79E73 /* AppDelegate.h */,
				3F2F9E17271FF8DF00A79E73 /* AppDelegate.m */,
				3F2F9E19271FF8DF00A79E73 /* SceneDelegate.h */,
				3F2F9E1A271FF8DF00A79E73 /* SceneDelegate.m */,
				3F2F9E1C271FF8DF00A79E73 /* ViewController.h */,
				3F2F9E1D271FF8DF00A79E73 /* ViewController.m */,
				3F2F9E35271FFFBF00A79E73 /* Localizable.strings */,
				3F2F9E1F271FF8DF00A79E73 /* Main.storyboard */,
				3F2F9E22271FF8E000A79E73 /* Assets.xcassets */,
				3F2F9E24271FF8E000A79E73 /* LaunchScreen.storyboard */,
				3F2F9E27271FF8E000A79E73 /* Info.plist */,
				3F2F9E28271FF8E000A79E73 /* main.m */,
			);
			path = iOS_zadanie3;
			sourceTree = "<group>";
		};
/* End PBXGroup section */

/* Begin PBXNativeTarget section */
		3F2F9E12271FF8DF00A79E73 /* iOS_zadanie3 */ = {
			isa = PBXNativeTarget;
			buildConfigurationList = 3F2F9E2C271FF8E000A79E73 /* Build configuration list for PBXNativeTarget "iOS_zadanie3" */;
			buildPhases = (
				3F2F9E0F271FF8DF00A79E73 /* Sources */,
				3F2F9E10271FF8DF00A79E73 /* Frameworks */,
				3F2F9E11271FF8DF00A79E73 /* Resources */,
			);
			buildRules = (
			);
			dependencies = (
			);
			name = iOS_zadanie3;
			productName = iOS_zadanie3;
			productReference = 3F2F9E13271FF8DF00A79E73 /* Zadanie3.app */;
			productType = "com.apple.product-type.application";
		};
/* End PBXNativeTarget section */

/* Begin PBXProject section */
		3F2F9E0B271FF8DF00A79E73 /* Project object */ = {
			isa = PBXProject;
			attributes = {
				LastUpgradeCheck = 1110;
				ORGANIZATIONNAME = pb;
				TargetAttributes = {
					3F2F9E12271FF8DF00A79E73 = {
						CreatedOnToolsVersion = 11.1;
					};
				};
			};
			buildConfigurationList = 3F2F9E0E271FF8DF00A79E73 /* Build configuration list for PBXProject "iOS_zadanie3" */;
			compatibilityVersion = "Xcode 9.3";
			developmentRegion = en;
			hasScannedForEncodings = 0;
			knownRegions = (
				en,
				Base,
				pl,
			);
			mainGroup = 3F2F9E0A271FF8DF00A79E73;
			productRefGroup = 3F2F9E14271FF8DF00A79E73 /* Products */;
			projectDirPath = "";
			projectRoot = "";
			targets = (
				3F2F9E12271FF8DF00A79E73 /* iOS_zadanie3 */,
			);
		};
/* End PBXProject section */

/* Begin PBXResourcesBuildPhase section */
		3F2F9E11271FF8DF00A79E73 /* Resources */ = {
			isa = PBXResourcesBuildPhase;
			buildActionMask = 2147483647;
			files = (
				3F2F9E26271FF8E000A79E73 /* LaunchScreen.storyboard in Resources */,
				3F2F9E33271FFFBF00A79E73 /* Localizable.strings in Resources */,
				3F2F9E23271FF8E000A79E73 /* Assets.xcassets in Resources */,
				3F2F9E21271FF8DF00A79E73 /* Main.storyboard in Resources */,
			);
			runOnlyForDeploymentPostprocessing = 0;
		};
/* End PBXResourcesBuildPhase section */

/* Begin PBXSourcesBuildPhase section */
		3F2F9E0F271FF8DF00A79E73 /* Sources */ = {
			isa = PBXSourcesBuildPhase;
			buildActionMask = 2147483647;
			files = (
				3F2F9E1E271FF8DF00A79E73 /* ViewController.m in Sources */,
				3F2F9E18271FF8DF00A79E73 /* AppDelegate.m in Sources */,
				3F2F9E29271FF8E000A79E73 /* main.m in Sources */,
				3F2F9E1B271FF8DF00A79E73 /* SceneDelegate.m in Sources */,
			);
			runOnlyForDeploymentPostprocessing = 0;
		};
/* End PBXSourcesBuildPhase section */

/* Begin PBXVariantGroup section */
		3F2F9E1F271FF8DF00A79E73 /* Main.storyboard */ = {
			isa = PBXVariantGroup;
			children = (
				3F2F9E20271FF8DF00A79E73 /* Base */,
				3F2F9E31271FFF6900A79E73 /* pl */,
			);
			name = Main.storyboard;
			sourceTree = "<group>";
		};
		3F2F9E24271FF8E000A79E73 /* LaunchScreen.storyboard */ = {
			isa = PBXVariantGroup;
			children = (
				3F2F9E25271FF8E000A79E73 /* Base */,
				3F2F9E32271FFF6900A79E73 /* pl */,
			);
			name = LaunchScreen.storyboard;
			sourceTree = "<group>";
		};
		3F2F9E35271FFFBF00A79E73 /* Localizable.strings */ = {
			isa = PBXVariantGroup;
			children = (
				3F2F9E34271FFFBF00A79E73 /* pl */,
				3F2F9E36271FFFCA00A79E73 /* en */,
			);
			name = Localizable.strings;
			sourceTree = "<group>";
		};
/* End PBXVariantGroup section */

/* Begin XCBuildConfiguration section */
		3F2F9E2A271FF8E000A79E73 /* Debug */ = {
			isa = XCBuildConfiguration;
			buildSettings = {
				ALWAYS_SEARCH_USER_PATHS = NO;
				CLANG_ANALYZER_LOCALIZABILITY_NONLOCALIZED = YES;
				CLANG_ANALYZER_NONNULL = YES;
				CLANG_ANALYZER_NUMBER_OBJECT_CONVERSION = YES_AGGRESSIVE;
				CLANG_CXX_LANGUAGE_STANDARD = "gnu++14";
				CLANG_CXX_LIBRARY = "libc++";
				CLANG_ENABLE_MODULES = YES;
				CLANG_ENABLE_OBJC_ARC = YES;
				CLANG_ENABLE_OBJC_WEAK = YES;
				CLANG_WARN_BLOCK_CAPTURE_AUTORELEASING = YES;
				CLANG_WARN_BOOL_CONVERSION = YES;
				CLANG_WARN_COMMA = YES;
				CLANG_WARN_CONSTANT_CONVERSION = YES;
				CLANG_WARN_DEPRECATED_OBJC_IMPLEMENTATIONS = YES;
				CLANG_WARN_DIRECT_OBJC_ISA_USAGE = YES_ERROR;
				CLANG_WARN_DOCUMENTATION_COMMENTS = YES;
				CLANG_WARN_EMPTY_BODY = YES;
				CLANG_WARN_ENUM_CONVERSION = YES;
				CLANG_WARN_INFINITE_RECURSION = YES;
				CLANG_WARN_INT_CONVERSION = YES;
				CLANG_WARN_NON_LITERAL_NULL_CONVERSION = YES;
				CLANG_WARN_OBJC_IMPLICIT_RETAIN_SELF = YES;
				CLANG_WARN_OBJC_LITERAL_CONVERSION = YES;
				CLANG_WARN_OBJC_ROOT_CLASS = YES_ERROR;
				CLANG_WARN_RANGE_LOOP_ANALYSIS = YES;
				CLANG_WARN_STRICT_PROTOTYPES = YES;
				CLANG_WARN_SUSPICIOUS_MOVE = YES;
				CLANG_WARN_UNGUARDED_AVAILABILITY = YES_AGGRESSIVE;
				CLANG_WARN_UNREACHABLE_CODE = YES;
				CLANG_WARN__DUPLICATE_METHOD_MATCH = YES;
				COPY_PHASE_STRIP = NO;
				DEBUG_INFORMATION_FORMAT = dwarf;
				ENABLE_STRICT_OBJC_MSGSEND = YES;
				ENABLE_TESTABILITY = YES;
				GCC_C_LANGUAGE_STANDARD = gnu11;
				GCC_DYNAMIC_NO_PIC = NO;
				GCC_NO_COMMON_BLOCKS = YES;
				GCC_OPTIMIZATION_LEVEL = 0;
				GCC_PREPROCESSOR_DEFINITIONS = (
					"DEBUG=1",
					"$(inherited)",
				);
				GCC_WARN_64_TO_32_BIT_CONVERSION = YES;
				GCC_WARN_ABOUT_RETURN_TYPE = YES_ERROR;
				GCC_WARN_UNDECLARED_SELECTOR = YES;
				GCC_WARN_UNINITIALIZED_AUTOS = YES_AGGRESSIVE;
				GCC_WARN_UNUSED_FUNCTION = YES;
				GCC_WARN_UNUSED_VARIABLE = YES;
				IPHONEOS_DEPLOYMENT_TARGET = 13.1;
				MTL_ENABLE_DEBUG_INFO = INCLUDE_SOURCE;
				MTL_FAST_MATH = YES;
				ONLY_ACTIVE_ARCH = YES;
				SDKROOT = iphoneos;
			};
			name = Debug;
		};
		3F2F9E2B271FF8E000A79E73 /* Release */ = {
			isa = XCBuildConfiguration;
			buildSettings = {
				ALWAYS_SEARCH_USER_PATHS = NO;
				CLANG_ANALYZER_LOCALIZABILITY_NONLOCALIZED = YES;
				CLANG_ANALYZER_NONNULL = YES;
				CLANG_ANALYZER_NUMBER_OBJECT_CONVERSION = YES_AGGRESSIVE;
				CLANG_CXX_LANGUAGE_STANDARD = "gnu++14";
				CLANG_CXX_LIBRARY = "libc++";
				CLANG_ENABLE_MODULES = YES;
				CLANG_ENABLE_OBJC_ARC = YES;
				CLANG_ENABLE_OBJC_WEAK = YES;
				CLANG_WARN_BLOCK_CAPTURE_AUTORELEASING = YES;
				CLANG_WARN_BOOL_CONVERSION = YES;
				CLANG_WARN_COMMA = YES;
				CLANG_WARN_CONSTANT_CONVERSION = YES;
				CLANG_WARN_DEPRECATED_OBJC_IMPLEMENTATIONS = YES;
				CLANG_WARN_DIRECT_OBJC_ISA_USAGE = YES_ERROR;
				CLANG_WARN_DOCUMENTATION_COMMENTS = YES;
				CLANG_WARN_EMPTY_BODY = YES;
				CLANG_WARN_ENUM_CONVERSION = YES;
				CLANG_WARN_INFINITE_RECURSION = YES;
				CLANG_WARN_INT_CONVERSION = YES;
				CLANG_WARN_NON_LITERAL_NULL_CONVERSION = YES;
				CLANG_WARN_OBJC_IMPLICIT_RETAIN_SELF = YES;
				CLANG_WARN_OBJC_LITERAL_CONVERSION = YES;
				CLANG_WARN_OBJC_ROOT_CLASS = YES_ERROR;
				CLANG_WARN_RANGE_LOOP_ANALYSIS = YES;
				CLANG_WARN_STRICT_PROTOTYPES = YES;
				CLANG_WARN_SUSPICIOUS_MOVE = YES;
				CLANG_WARN_UNGUARDED_AVAILABILITY = YES_AGGRESSIVE;
				CLANG_WARN_UNREACHABLE_CODE = YES;
				CLANG_WARN__DUPLICATE_METHOD_MATCH = YES;
				COPY_PHASE_STRIP = NO;
				DEBUG_INFORMATION_FORMAT = "dwarf-with-dsym";
				ENABLE_NS_ASSERTIONS = NO;
				ENABLE_STRICT_OBJC_MSGSEND = YES;
				GCC_C_LANGUAGE_STANDARD = gnu11;
				GCC_NO_COMMON_BLOCKS = YES;
				GCC_WARN_64_TO_32_BIT_CONVERSION = YES;
				GCC_WARN_ABOUT_RETURN_TYPE = YES_ERROR;
				GCC_WARN_UNDECLARED_SELECTOR = YES;
				GCC_WARN_UNINITIALIZED_AUTOS = YES_AGGRESSIVE;
				GCC_WARN_UNUSED_FUNCTION = YES;
				GCC_WARN_UNUSED_VARIABLE = YES;
				IPHONEOS_DEPLOYMENT_TARGET = 13.1;
				MTL_ENABLE_DEBUG_INFO = NO;
				MTL_FAST_MATH = YES;
				SDKROOT = iphoneos;
				VALIDATE_PRODUCT = YES;
			};
			name = Release;
		};
		3F2F9E2D271FF8E000A79E73 /* Debug */ = {
			isa = XCBuildConfiguration;
			buildSettings = {
				ASSETCATALOG_COMPILER_APPICON_NAME = AppIcon;
				CODE_SIGN_STYLE = Automatic;
				DEVELOPMENT_TEAM = "";
				INFOPLIST_FILE = iOS_zadanie3/Info.plist;
				LD_RUNPATH_SEARCH_PATHS = (
					"$(inherited)",
					"@executable_path/Frameworks",
				);
				PRODUCT_BUNDLE_IDENTIFIER = com.Zadanie3;
				PRODUCT_NAME = Zadanie3;
				TARGETED_DEVICE_FAMILY = "1,2";
			};
			name = Debug;
		};
		3F2F9E2E271FF8E000A79E73 /* Release */ = {
			isa = XCBuildConfiguration;
			buildSettings = {
				ASSETCATALOG_COMPILER_APPICON_NAME = AppIcon;
				CODE_SIGN_STYLE = Automatic;
				DEVELOPMENT_TEAM = "";
				INFOPLIST_FILE = iOS_zadanie3/Info.plist;
				LD_RUNPATH_SEARCH_PATHS = (
					"$(inherited)",
					"@executable_path/Frameworks",
				);
				PRODUCT_BUNDLE_IDENTIFIER = com.Zadanie3;
				PRODUCT_NAME = Zadanie3;
				TARGETED_DEVICE_FAMILY = "1,2";
			};
			name = Release;
		};
/* End XCBuildConfiguration section */

/* Begin XCConfigurationList section */
		3F2F9E0E271FF8DF00A79E73 /* Build configuration list for PBXProject "iOS_zadanie3" */ = {
			isa = XCConfigurationList;
			buildConfigurations = (
				3F2F9E2A271FF8E000A79E73 /* Debug */,
				3F2F9E2B271FF8E000A79E73 /* Release */,
			);
			defaultConfigurationIsVisible = 0;
			defaultConfigurationName = Release;
		};
		3F2F9E2C271FF8E000A79E73 /* Build configuration list for PBXNativeTarget "iOS_zadanie3" */ = {
			isa = XCConfigurationList;
			buildConfigurations = (
				3F2F9E2D271FF8E000A79E73 /* Debug */,
				3F2F9E2E271FF8E000A79E73 /* Release */,
			);
			defaultConfigurationIsVisible = 0;
			defaultConfigurationName = Release;
		};
/* End XCConfigurationList section */
	};
	rootObject = 3F2F9E0B271FF8DF00A79E73 /* Project object */;
}
